
Microsoft Visual Studio Solution File, Format Version 12.00
# Visual Studio 15
VisualStudioVersion = 15.0.28307.779
MinimumVisualStudioVersion = 10.0.40219.1
Project("{FAE04EC0-301F-11D3-BF4B-00C04F79EFBC}") = "CoreRoleBased", "CoreRoleBased\CoreRoleBased.csproj", "{6CCCA617-0F54-4B7C-84D2-65DC520FEBC4}"
EndProject
Global
	GlobalSection(SolutionConfigurationPlatforms) = preSolution
		Debug|Any CPU = Debug|Any CPU
		Release|Any CPU = Release|Any CPU
	EndGlobalSection
	GlobalSection(ProjectConfigurationPlatforms) = postSolution
		{6CCCA617-0F54-4B7C-84D2-65DC520FEBC4}.Debug|Any CPU.ActiveCfg = Debug|Any CPU
		{6CCCA617-0F54-4B7C-84D2-65DC520FEBC4}.Debug|Any CPU.Build.0 = Debug|Any CPU
		{6CCCA617-0F54-4B7C-84D2-65DC520FEBC4}.Release|Any CPU.ActiveCfg = Release|Any CPU
		{6CCCA617-0F54-4B7C-84D2-65DC520FEBC4}.Release|Any CPU.Build.0 = Release|Any CPU
	EndGlobalSection
	GlobalSection(SolutionProperties) = preSolution
		HideSolutionNode = FALSE
	EndGlobalSection
	GlobalSection(ExtensibilityGlobals) = postSolution
		SolutionGuid = {7BBFD0DE-9F08-47FB-840C-385B117273B6}
	EndGlobalSection
EndGlobal
